
Microsoft Visual Studio Solution File, Format Version 12.00
# Visual Studio 2012
Project("{FAE04EC0-301F-11D3-BF4B-00C04F79EFBC}") = "wperm", "wperm\wperm.csproj", "{021D61C7-BA7C-47F0-9BDE-647AF6B34C69}"
EndProject
Project("{2150E333-8FDC-42A3-9474-1A3956D46DE8}") = "Solution Items", "Solution Items", "{0A24402B-C923-4F0B-BF14-7F0D583A1676}"
EndProject
Global
	GlobalSection(SolutionConfigurationPlatforms) = preSolution
		Debug|x86 = Debug|x86
		Release|x86 = Release|x86
	EndGlobalSection
	GlobalSection(ProjectConfigurationPlatforms) = postSolution
		{021D61C7-BA7C-47F0-9BDE-647AF6B34C69}.Debug|x86.ActiveCfg = Debug|x86
		{021D61C7-BA7C-47F0-9BDE-647AF6B34C69}.Debug|x86.Build.0 = Debug|x86
		{021D61C7-BA7C-47F0-9BDE-647AF6B34C69}.Release|x86.ActiveCfg = Release|x86
		{021D61C7-BA7C-47F0-9BDE-647AF6B34C69}.Release|x86.Build.0 = Release|x86
	EndGlobalSection
EndGlobal
